// !$*UTF8*$!
{
	archiveVersion = 1;
	classes = {
	};
	objectVersion = 46;
	objects = {

/* Begin PBXBuildFile section */
		2905C3801FDA5FA700DD50B1 /* FBSimTool.swift in Sources */ = {isa = PBXBuildFile; fileRef = 2905C37B1FDA5FA700DD50B1 /* FBSimTool.swift */; };
		291157AE1FB5501C000EE94F /* DevcieMenuItem.swift in Sources */ = {isa = PBXBuildFile; fileRef = 291157AD1FB5501C000EE94F /* DevcieMenuItem.swift */; };
		29157C551F4D56400069BDB6 /* Shell.swift in Sources */ = {isa = PBXBuildFile; fileRef = 29157C541F4D56400069BDB6 /* Shell.swift */; };
		29157C5A1F4D65D70069BDB6 /* DeviceType.swift in Sources */ = {isa = PBXBuildFile; fileRef = 29157C591F4D65D70069BDB6 /* DeviceType.swift */; };
		29157C5C1F4D66110069BDB6 /* Runtime.swift in Sources */ = {isa = PBXBuildFile; fileRef = 29157C5B1F4D66110069BDB6 /* Runtime.swift */; };
		29157C5E1F4D66220069BDB6 /* Device.swift in Sources */ = {isa = PBXBuildFile; fileRef = 29157C5D1F4D66220069BDB6 /* Device.swift */; };
		29157C601F4D6BFE0069BDB6 /* TotalModel.swift in Sources */ = {isa = PBXBuildFile; fileRef = 29157C5F1F4D6BFE0069BDB6 /* TotalModel.swift */; };
		29157C621F4D7EB90069BDB6 /* Application.swift in Sources */ = {isa = PBXBuildFile; fileRef = 29157C611F4D7EB90069BDB6 /* Application.swift */; };
		29157C681F4E7C9B0069BDB6 /* AppMenuItem.swift in Sources */ = {isa = PBXBuildFile; fileRef = 29157C671F4E7C9B0069BDB6 /* AppMenuItem.swift */; };
		291B421B1FBD75B500795FD4 /* PreferencesWindowController.swift in Sources */ = {isa = PBXBuildFile; fileRef = 291B421A1FBD75B500795FD4 /* PreferencesWindowController.swift */; };
		292EADA41F458B3D009FC1ED /* AppDelegate.swift in Sources */ = {isa = PBXBuildFile; fileRef = 292EADA31F458B3D009FC1ED /* AppDelegate.swift */; };
		292EADA81F458B3D009FC1ED /* Assets.xcassets in Resources */ = {isa = PBXBuildFile; fileRef = 292EADA71F458B3D009FC1ED /* Assets.xcassets */; };
		292EADAB1F458B3D009FC1ED /* Main.storyboard in Resources */ = {isa = PBXBuildFile; fileRef = 292EADA91F458B3D009FC1ED /* Main.storyboard */; };
		292EADB61F458F5C009FC1ED /* BarManager.swift in Sources */ = {isa = PBXBuildFile; fileRef = 292EADB51F458F5C009FC1ED /* BarManager.swift */; };
		293B2D401F4E9FF00009DA18 /* NSImage+Extension.swift in Sources */ = {isa = PBXBuildFile; fileRef = 293B2D3F1F4E9FF00009DA18 /* NSImage+Extension.swift */; };
		293B2D421F4EA26B0009DA18 /* AppMenu.swift in Sources */ = {isa = PBXBuildFile; fileRef = 293B2D411F4EA26B0009DA18 /* AppMenu.swift */; };
		298B2DB71F5549B200D73AFA /* SKQueue.swift in Sources */ = {isa = PBXBuildFile; fileRef = 298B2DB61F5549B200D73AFA /* SKQueue.swift */; };
		29AFDFB01FBBDA6E00544CE5 /* Pair.swift in Sources */ = {isa = PBXBuildFile; fileRef = 29AFDFAF1FBBDA6E00544CE5 /* Pair.swift */; };
		29AFDFCC1FBD339000544CE5 /* DeviceTypeItem.swift in Sources */ = {isa = PBXBuildFile; fileRef = 29AFDFCB1FBD339000544CE5 /* DeviceTypeItem.swift */; };
		29B227BA1FBD7B9F00BDE5BF /* PreferencesViewController.swift in Sources */ = {isa = PBXBuildFile; fileRef = 29B227B91FBD7B9F00BDE5BF /* PreferencesViewController.swift */; };
		29B591981F581513006CDEC0 /* FileWatch.swift in Sources */ = {isa = PBXBuildFile; fileRef = 29B591971F581513006CDEC0 /* FileWatch.swift */; };
		315A809D22C90616005C2493 /* AppGroup.swift in Sources */ = {isa = PBXBuildFile; fileRef = 315A809C22C90616005C2493 /* AppGroup.swift */; };
		3198338A21A7F5FF004ADEE3 /* XCTestBootstrap.framework in Frameworks */ = {isa = PBXBuildFile; fileRef = 3198338321A7F5FE004ADEE3 /* XCTestBootstrap.framework */; };
		3198338B21A7F5FF004ADEE3 /* XCTestBootstrap.framework in Embed Frameworks */ = {isa = PBXBuildFile; fileRef = 3198338321A7F5FE004ADEE3 /* XCTestBootstrap.framework */; settings = {ATTRIBUTES = (CodeSignOnCopy, RemoveHeadersOnCopy, ); }; };
		3198338C21A7F5FF004ADEE3 /* Fabric.framework in Frameworks */ = {isa = PBXBuildFile; fileRef = 3198338421A7F5FE004ADEE3 /* Fabric.framework */; };
		3198338D21A7F5FF004ADEE3 /* Fabric.framework in Embed Frameworks */ = {isa = PBXBuildFile; fileRef = 3198338421A7F5FE004ADEE3 /* Fabric.framework */; settings = {ATTRIBUTES = (CodeSignOnCopy, RemoveHeadersOnCopy, ); }; };
		3198338E21A7F5FF004ADEE3 /* FBDeviceControl.framework in Frameworks */ = {isa = PBXBuildFile; fileRef = 3198338521A7F5FE004ADEE3 /* FBDeviceControl.framework */; };
		3198338F21A7F5FF004ADEE3 /* FBDeviceControl.framework in Embed Frameworks */ = {isa = PBXBuildFile; fileRef = 3198338521A7F5FE004ADEE3 /* FBDeviceControl.framework */; settings = {ATTRIBUTES = (CodeSignOnCopy, RemoveHeadersOnCopy, ); }; };
		3198339021A7F5FF004ADEE3 /* FBControlCore.framework in Frameworks */ = {isa = PBXBuildFile; fileRef = 3198338621A7F5FE004ADEE3 /* FBControlCore.framework */; };
		3198339121A7F5FF004ADEE3 /* FBControlCore.framework in Embed Frameworks */ = {isa = PBXBuildFile; fileRef = 3198338621A7F5FE004ADEE3 /* FBControlCore.framework */; settings = {ATTRIBUTES = (CodeSignOnCopy, RemoveHeadersOnCopy, ); }; };
		3198339221A7F5FF004ADEE3 /* FBSimulatorControl.framework in Frameworks */ = {isa = PBXBuildFile; fileRef = 3198338721A7F5FE004ADEE3 /* FBSimulatorControl.framework */; };
		3198339321A7F5FF004ADEE3 /* FBSimulatorControl.framework in Embed Frameworks */ = {isa = PBXBuildFile; fileRef = 3198338721A7F5FE004ADEE3 /* FBSimulatorControl.framework */; settings = {ATTRIBUTES = (CodeSignOnCopy, RemoveHeadersOnCopy, ); }; };
		3198339421A7F5FF004ADEE3 /* ObjectMapper.framework in Frameworks */ = {isa = PBXBuildFile; fileRef = 3198338821A7F5FE004ADEE3 /* ObjectMapper.framework */; };
		3198339521A7F5FF004ADEE3 /* ObjectMapper.framework in Embed Frameworks */ = {isa = PBXBuildFile; fileRef = 3198338821A7F5FE004ADEE3 /* ObjectMapper.framework */; settings = {ATTRIBUTES = (CodeSignOnCopy, RemoveHeadersOnCopy, ); }; };
		3198339621A7F5FF004ADEE3 /* Crashlytics.framework in Frameworks */ = {isa = PBXBuildFile; fileRef = 3198338921A7F5FE004ADEE3 /* Crashlytics.framework */; };
		3198339721A7F5FF004ADEE3 /* Crashlytics.framework in Embed Frameworks */ = {isa = PBXBuildFile; fileRef = 3198338921A7F5FE004ADEE3 /* Crashlytics.framework */; settings = {ATTRIBUTES = (CodeSignOnCopy, RemoveHeadersOnCopy, ); }; };
		319833E021A94EDF004ADEE3 /* CrashlyticsReport.swift in Sources */ = {isa = PBXBuildFile; fileRef = 319833DF21A94EDF004ADEE3 /* CrashlyticsReport.swift */; };
		31CD6D0221B2817900E49DC0 /* RootLink.swift in Sources */ = {isa = PBXBuildFile; fileRef = 31CD6D0121B2817900E49DC0 /* RootLink.swift */; };
		31CD6D0421B2942300E49DC0 /* ApplicationCache.swift in Sources */ = {isa = PBXBuildFile; fileRef = 31CD6D0321B2942300E49DC0 /* ApplicationCache.swift */; };
/* End PBXBuildFile section */

/* Begin PBXCopyFilesBuildPhase section */
		3198338221A7F5D7004ADEE3 /* Embed Frameworks */ = {
			isa = PBXCopyFilesBuildPhase;
			buildActionMask = 2147483647;
			dstPath = "";
			dstSubfolderSpec = 10;
			files = (
				3198339521A7F5FF004ADEE3 /* ObjectMapper.framework in Embed Frameworks */,
				3198338B21A7F5FF004ADEE3 /* XCTestBootstrap.framework in Embed Frameworks */,
				3198339321A7F5FF004ADEE3 /* FBSimulatorControl.framework in Embed Frameworks */,
				3198339121A7F5FF004ADEE3 /* FBControlCore.framework in Embed Frameworks */,
				3198338D21A7F5FF004ADEE3 /* Fabric.framework in Embed Frameworks */,
				3198338F21A7F5FF004ADEE3 /* FBDeviceControl.framework in Embed Frameworks */,
				3198339721A7F5FF004ADEE3 /* Crashlytics.framework in Embed Frameworks */,
			);
			name = "Embed Frameworks";
			runOnlyForDeploymentPostprocessing = 0;
		};
/* End PBXCopyFilesBuildPhase section */

/* Begin PBXFileReference section */
		2905C37B1FDA5FA700DD50B1 /* FBSimTool.swift */ = {isa = PBXFileReference; fileEncoding = 4; lastKnownFileType = sourcecode.swift; path = FBSimTool.swift; sourceTree = "<group>"; };
		291157AD1FB5501C000EE94F /* DevcieMenuItem.swift */ = {isa = PBXFileReference; lastKnownFileType = sourcecode.swift; path = DevcieMenuItem.swift; sourceTree = "<group>"; };
		29157C541F4D56400069BDB6 /* Shell.swift */ = {isa = PBXFileReference; fileEncoding = 4; lastKnownFileType = sourcecode.swift; path = Shell.swift; sourceTree = "<group>"; };
		29157C591F4D65D70069BDB6 /* DeviceType.swift */ = {isa = PBXFileReference; fileEncoding = 4; lastKnownFileType = sourcecode.swift; path = DeviceType.swift; sourceTree = "<group>"; };
		29157C5B1F4D66110069BDB6 /* Runtime.swift */ = {isa = PBXFileReference; fileEncoding = 4; lastKnownFileType = sourcecode.swift; path = Runtime.swift; sourceTree = "<group>"; };
		29157C5D1F4D66220069BDB6 /* Device.swift */ = {isa = PBXFileReference; fileEncoding = 4; lastKnownFileType = sourcecode.swift; path = Device.swift; sourceTree = "<group>"; };
		29157C5F1F4D6BFE0069BDB6 /* TotalModel.swift */ = {isa = PBXFileReference; fileEncoding = 4; lastKnownFileType = sourcecode.swift; path = TotalModel.swift; sourceTree = "<group>"; };
		29157C611F4D7EB90069BDB6 /* Application.swift */ = {isa = PBXFileReference; fileEncoding = 4; lastKnownFileType = sourcecode.swift; path = Application.swift; sourceTree = "<group>"; };
		29157C671F4E7C9B0069BDB6 /* AppMenuItem.swift */ = {isa = PBXFileReference; fileEncoding = 4; lastKnownFileType = sourcecode.swift; path = AppMenuItem.swift; sourceTree = "<group>"; };
		291B421A1FBD75B500795FD4 /* PreferencesWindowController.swift */ = {isa = PBXFileReference; lastKnownFileType = sourcecode.swift; path = PreferencesWindowController.swift; sourceTree = "<group>"; };
		292EADA01F458B3D009FC1ED /* iSimulator.app */ = {isa = PBXFileReference; explicitFileType = wrapper.application; includeInIndex = 0; path = iSimulator.app; sourceTree = BUILT_PRODUCTS_DIR; };
		292EADA31F458B3D009FC1ED /* AppDelegate.swift */ = {isa = PBXFileReference; lastKnownFileType = sourcecode.swift; path = AppDelegate.swift; sourceTree = "<group>"; };
		292EADA71F458B3D009FC1ED /* Assets.xcassets */ = {isa = PBXFileReference; lastKnownFileType = folder.assetcatalog; path = Assets.xcassets; sourceTree = "<group>"; };
		292EADAA1F458B3D009FC1ED /* Base */ = {isa = PBXFileReference; lastKnownFileType = file.storyboard; name = Base; path = Base.lproj/Main.storyboard; sourceTree = "<group>"; };
		292EADAC1F458B3D009FC1ED /* Info.plist */ = {isa = PBXFileReference; lastKnownFileType = text.plist.xml; path = Info.plist; sourceTree = "<group>"; };
		292EADB51F458F5C009FC1ED /* BarManager.swift */ = {isa = PBXFileReference; fileEncoding = 4; lastKnownFileType = sourcecode.swift; path = BarManager.swift; sourceTree = "<group>"; };
		293B2D3F1F4E9FF00009DA18 /* NSImage+Extension.swift */ = {isa = PBXFileReference; fileEncoding = 4; lastKnownFileType = sourcecode.swift; path = "NSImage+Extension.swift"; sourceTree = "<group>"; };
		293B2D411F4EA26B0009DA18 /* AppMenu.swift */ = {isa = PBXFileReference; fileEncoding = 4; lastKnownFileType = sourcecode.swift; path = AppMenu.swift; sourceTree = "<group>"; };
		298B2DB61F5549B200D73AFA /* SKQueue.swift */ = {isa = PBXFileReference; fileEncoding = 4; lastKnownFileType = sourcecode.swift; path = SKQueue.swift; sourceTree = "<group>"; };
		29AFDFAF1FBBDA6E00544CE5 /* Pair.swift */ = {isa = PBXFileReference; lastKnownFileType = sourcecode.swift; path = Pair.swift; sourceTree = "<group>"; };
		29AFDFCB1FBD339000544CE5 /* DeviceTypeItem.swift */ = {isa = PBXFileReference; lastKnownFileType = sourcecode.swift; path = DeviceTypeItem.swift; sourceTree = "<group>"; };
		29B227B91FBD7B9F00BDE5BF /* PreferencesViewController.swift */ = {isa = PBXFileReference; lastKnownFileType = sourcecode.swift; path = PreferencesViewController.swift; sourceTree = "<group>"; };
		29B591971F581513006CDEC0 /* FileWatch.swift */ = {isa = PBXFileReference; fileEncoding = 4; lastKnownFileType = sourcecode.swift; path = FileWatch.swift; sourceTree = "<group>"; };
		315A809C22C90616005C2493 /* AppGroup.swift */ = {isa = PBXFileReference; lastKnownFileType = sourcecode.swift; path = AppGroup.swift; sourceTree = "<group>"; };
		3198338321A7F5FE004ADEE3 /* XCTestBootstrap.framework */ = {isa = PBXFileReference; lastKnownFileType = wrapper.framework; name = XCTestBootstrap.framework; path = Carthage/Build/Mac/XCTestBootstrap.framework; sourceTree = "<group>"; };
		3198338421A7F5FE004ADEE3 /* Fabric.framework */ = {isa = PBXFileReference; lastKnownFileType = wrapper.framework; name = Fabric.framework; path = Carthage/Build/Mac/Fabric.framework; sourceTree = "<group>"; };
		3198338521A7F5FE004ADEE3 /* FBDeviceControl.framework */ = {isa = PBXFileReference; lastKnownFileType = wrapper.framework; name = FBDeviceControl.framework; path = Carthage/Build/Mac/FBDeviceControl.framework; sourceTree = "<group>"; };
		3198338621A7F5FE004ADEE3 /* FBControlCore.framework */ = {isa = PBXFileReference; lastKnownFileType = wrapper.framework; name = FBControlCore.framework; path = Carthage/Build/Mac/FBControlCore.framework; sourceTree = "<group>"; };
		3198338721A7F5FE004ADEE3 /* FBSimulatorControl.framework */ = {isa = PBXFileReference; lastKnownFileType = wrapper.framework; name = FBSimulatorControl.framework; path = Carthage/Build/Mac/FBSimulatorControl.framework; sourceTree = "<group>"; };
		3198338821A7F5FE004ADEE3 /* ObjectMapper.framework */ = {isa = PBXFileReference; lastKnownFileType = wrapper.framework; name = ObjectMapper.framework; path = Carthage/Build/Mac/ObjectMapper.framework; sourceTree = "<group>"; };
		3198338921A7F5FE004ADEE3 /* Crashlytics.framework */ = {isa = PBXFileReference; lastKnownFileType = wrapper.framework; name = Crashlytics.framework; path = Carthage/Build/Mac/Crashlytics.framework; sourceTree = "<group>"; };
		319833DF21A94EDF004ADEE3 /* CrashlyticsReport.swift */ = {isa = PBXFileReference; lastKnownFileType = sourcecode.swift; path = CrashlyticsReport.swift; sourceTree = "<group>"; };
		31CD6D0121B2817900E49DC0 /* RootLink.swift */ = {isa = PBXFileReference; lastKnownFileType = sourcecode.swift; path = RootLink.swift; sourceTree = "<group>"; };
		31CD6D0321B2942300E49DC0 /* ApplicationCache.swift */ = {isa = PBXFileReference; lastKnownFileType = sourcecode.swift; path = ApplicationCache.swift; sourceTree = "<group>"; };
/* End PBXFileReference section */

/* Begin PBXFrameworksBuildPhase section */
		292EAD9D1F458B3D009FC1ED /* Frameworks */ = {
			isa = PBXFrameworksBuildPhase;
			buildActionMask = 2147483647;
			files = (
				3198339421A7F5FF004ADEE3 /* ObjectMapper.framework in Frameworks */,
				3198338A21A7F5FF004ADEE3 /* XCTestBootstrap.framework in Frameworks */,
				3198339221A7F5FF004ADEE3 /* FBSimulatorControl.framework in Frameworks */,
				3198339021A7F5FF004ADEE3 /* FBControlCore.framework in Frameworks */,
				3198338C21A7F5FF004ADEE3 /* Fabric.framework in Frameworks */,
				3198338E21A7F5FF004ADEE3 /* FBDeviceControl.framework in Frameworks */,
				3198339621A7F5FF004ADEE3 /* Crashlytics.framework in Frameworks */,
			);
			runOnlyForDeploymentPostprocessing = 0;
		};
/* End PBXFrameworksBuildPhase section */

/* Begin PBXGroup section */
		2905C37A1FDA5FA700DD50B1 /* FBSimulator */ = {
			isa = PBXGroup;
			children = (
				2905C37B1FDA5FA700DD50B1 /* FBSimTool.swift */,
			);
			path = FBSimulator;
			sourceTree = "<group>";
		};
		29157C531F4D56310069BDB6 /* Tools */ = {
			isa = PBXGroup;
			children = (
				29157C541F4D56400069BDB6 /* Shell.swift */,
				293B2D3F1F4E9FF00009DA18 /* NSImage+Extension.swift */,
				298B2DB61F5549B200D73AFA /* SKQueue.swift */,
				29B591971F581513006CDEC0 /* FileWatch.swift */,
				319833DF21A94EDF004ADEE3 /* CrashlyticsReport.swift */,
			);
			path = Tools;
			sourceTree = "<group>";
		};
		29157C581F4D62940069BDB6 /* Models */ = {
			isa = PBXGroup;
			children = (
				29157C5F1F4D6BFE0069BDB6 /* TotalModel.swift */,
				29157C5B1F4D66110069BDB6 /* Runtime.swift */,
				29157C591F4D65D70069BDB6 /* DeviceType.swift */,
				29157C5D1F4D66220069BDB6 /* Device.swift */,
				29157C611F4D7EB90069BDB6 /* Application.swift */,
				315A809C22C90616005C2493 /* AppGroup.swift */,
				29AFDFAF1FBBDA6E00544CE5 /* Pair.swift */,
				31CD6D0321B2942300E49DC0 /* ApplicationCache.swift */,
				31CD6D0121B2817900E49DC0 /* RootLink.swift */,
			);
			path = Models;
			sourceTree = "<group>";
		};
		292EAD971F458B3D009FC1ED = {
			isa = PBXGroup;
			children = (
				292EADA21F458B3D009FC1ED /* iSimulator */,
				292EADA11F458B3D009FC1ED /* Products */,
				3193D55220FCC73500ADEBA1 /* Frameworks */,
			);
			sourceTree = "<group>";
		};
		292EADA11F458B3D009FC1ED /* Products */ = {
			isa = PBXGroup;
			children = (
				292EADA01F458B3D009FC1ED /* iSimulator.app */,
			);
			name = Products;
			sourceTree = "<group>";
		};
		292EADA21F458B3D009FC1ED /* iSimulator */ = {
			isa = PBXGroup;
			children = (
				29157C581F4D62940069BDB6 /* Models */,
				29157C531F4D56310069BDB6 /* Tools */,
				292EADB21F458C89009FC1ED /* UI */,
				2905C37A1FDA5FA700DD50B1 /* FBSimulator */,
				292EADA31F458B3D009FC1ED /* AppDelegate.swift */,
				292EADA71F458B3D009FC1ED /* Assets.xcassets */,
				292EADA91F458B3D009FC1ED /* Main.storyboard */,
				292EADAC1F458B3D009FC1ED /* Info.plist */,
			);
			path = iSimulator;
			sourceTree = "<group>";
		};
		292EADB21F458C89009FC1ED /* UI */ = {
			isa = PBXGroup;
			children = (
				292EADB51F458F5C009FC1ED /* BarManager.swift */,
				29157C671F4E7C9B0069BDB6 /* AppMenuItem.swift */,
				293B2D411F4EA26B0009DA18 /* AppMenu.swift */,
				291157AD1FB5501C000EE94F /* DevcieMenuItem.swift */,
				29AFDFCB1FBD339000544CE5 /* DeviceTypeItem.swift */,
				291B421A1FBD75B500795FD4 /* PreferencesWindowController.swift */,
				29B227B91FBD7B9F00BDE5BF /* PreferencesViewController.swift */,
			);
			path = UI;
			sourceTree = "<group>";
		};
		3193D55220FCC73500ADEBA1 /* Frameworks */ = {
			isa = PBXGroup;
			children = (
				3198338921A7F5FE004ADEE3 /* Crashlytics.framework */,
				3198338421A7F5FE004ADEE3 /* Fabric.framework */,
				3198338621A7F5FE004ADEE3 /* FBControlCore.framework */,
				3198338521A7F5FE004ADEE3 /* FBDeviceControl.framework */,
				3198338721A7F5FE004ADEE3 /* FBSimulatorControl.framework */,
				3198338821A7F5FE004ADEE3 /* ObjectMapper.framework */,
				3198338321A7F5FE004ADEE3 /* XCTestBootstrap.framework */,
			);
			name = Frameworks;
			sourceTree = "<group>";
		};
/* End PBXGroup section */

/* Begin PBXNativeTarget section */
		292EAD9F1F458B3D009FC1ED /* iSimulator */ = {
			isa = PBXNativeTarget;
			buildConfigurationList = 292EADAF1F458B3D009FC1ED /* Build configuration list for PBXNativeTarget "iSimulator" */;
			buildPhases = (
				292EAD9C1F458B3D009FC1ED /* Sources */,
				292EAD9D1F458B3D009FC1ED /* Frameworks */,
				292EAD9E1F458B3D009FC1ED /* Resources */,
				3198338221A7F5D7004ADEE3 /* Embed Frameworks */,
				3198339821A7F62E004ADEE3 /* ShellScript */,
			);
			buildRules = (
			);
			dependencies = (
			);
			name = iSimulator;
			productName = iSimulator;
			productReference = 292EADA01F458B3D009FC1ED /* iSimulator.app */;
			productType = "com.apple.product-type.application";
		};
/* End PBXNativeTarget section */

/* Begin PBXProject section */
		292EAD981F458B3D009FC1ED /* Project object */ = {
			isa = PBXProject;
			attributes = {
				LastSwiftUpdateCheck = 0830;
				LastUpgradeCheck = 1000;
				ORGANIZATIONNAME = niels.jin;
				TargetAttributes = {
					292EAD9F1F458B3D009FC1ED = {
						CreatedOnToolsVersion = 8.3.3;
						ProvisioningStyle = Manual;
						SystemCapabilities = {
							com.apple.Sandbox = {
								enabled = 0;
							};
						};
					};
				};
			};
			buildConfigurationList = 292EAD9B1F458B3D009FC1ED /* Build configuration list for PBXProject "iSimulator" */;
			compatibilityVersion = "Xcode 3.2";
			developmentRegion = en;
			hasScannedForEncodings = 0;
			knownRegions = (
				en,
				Base,
			);
			mainGroup = 292EAD971F458B3D009FC1ED;
			productRefGroup = 292EADA11F458B3D009FC1ED /* Products */;
			projectDirPath = "";
			projectRoot = "";
			targets = (
				292EAD9F1F458B3D009FC1ED /* iSimulator */,
			);
		};
/* End PBXProject section */

/* Begin PBXResourcesBuildPhase section */
		292EAD9E1F458B3D009FC1ED /* Resources */ = {
			isa = PBXResourcesBuildPhase;
			buildActionMask = 2147483647;
			files = (
				292EADA81F458B3D009FC1ED /* Assets.xcassets in Resources */,
				292EADAB1F458B3D009FC1ED /* Main.storyboard in Resources */,
			);
			runOnlyForDeploymentPostprocessing = 0;
		};
/* End PBXResourcesBuildPhase section */

/* Begin PBXShellScriptBuildPhase section */
		3198339821A7F62E004ADEE3 /* ShellScript */ = {
			isa = PBXShellScriptBuildPhase;
			buildActionMask = 2147483647;
			files = (
			);
			inputFileListPaths = (
			);
			inputPaths = (
			);
			outputFileListPaths = (
			);
			outputPaths = (
			);
			runOnlyForDeploymentPostprocessing = 0;
			shellPath = /bin/sh;
			shellScript = "\"${PROJECT_DIR}/Carthage/Build/Mac/Fabric.framework/run\" c8a105a14acb1ea410f25dfec3f84a343fbd2f05 93348ff737319ac6fea7d2a2b1ff89bc75e9b0e744fba863794104cb0e3781d1\n";
		};
/* End PBXShellScriptBuildPhase section */

/* Begin PBXSourcesBuildPhase section */
		292EAD9C1F458B3D009FC1ED /* Sources */ = {
			isa = PBXSourcesBuildPhase;
			buildActionMask = 2147483647;
			files = (
				29157C621F4D7EB90069BDB6 /* Application.swift in Sources */,
				31CD6D0221B2817900E49DC0 /* RootLink.swift in Sources */,
				29AFDFB01FBBDA6E00544CE5 /* Pair.swift in Sources */,
				29157C601F4D6BFE0069BDB6 /* TotalModel.swift in Sources */,
				293B2D401F4E9FF00009DA18 /* NSImage+Extension.swift in Sources */,
				293B2D421F4EA26B0009DA18 /* AppMenu.swift in Sources */,
				29157C5A1F4D65D70069BDB6 /* DeviceType.swift in Sources */,
				291B421B1FBD75B500795FD4 /* PreferencesWindowController.swift in Sources */,
				29AFDFCC1FBD339000544CE5 /* DeviceTypeItem.swift in Sources */,
				2905C3801FDA5FA700DD50B1 /* FBSimTool.swift in Sources */,
				29157C681F4E7C9B0069BDB6 /* AppMenuItem.swift in Sources */,
				29157C551F4D56400069BDB6 /* Shell.swift in Sources */,
				292EADA41F458B3D009FC1ED /* AppDelegate.swift in Sources */,
				29157C5C1F4D66110069BDB6 /* Runtime.swift in Sources */,
				29B227BA1FBD7B9F00BDE5BF /* PreferencesViewController.swift in Sources */,
				298B2DB71F5549B200D73AFA /* SKQueue.swift in Sources */,
				319833E021A94EDF004ADEE3 /* CrashlyticsReport.swift in Sources */,
				29157C5E1F4D66220069BDB6 /* Device.swift in Sources */,
				291157AE1FB5501C000EE94F /* DevcieMenuItem.swift in Sources */,
				31CD6D0421B2942300E49DC0 /* ApplicationCache.swift in Sources */,
				29B591981F581513006CDEC0 /* FileWatch.swift in Sources */,
				315A809D22C90616005C2493 /* AppGroup.swift in Sources */,
				292EADB61F458F5C009FC1ED /* BarManager.swift in Sources */,
			);
			runOnlyForDeploymentPostprocessing = 0;
		};
/* End PBXSourcesBuildPhase section */

/* Begin PBXVariantGroup section */
		292EADA91F458B3D009FC1ED /* Main.storyboard */ = {
			isa = PBXVariantGroup;
			children = (
				292EADAA1F458B3D009FC1ED /* Base */,
			);
			name = Main.storyboard;
			sourceTree = "<group>";
		};
/* End PBXVariantGroup section */

/* Begin XCBuildConfiguration section */
		292EADAD1F458B3D009FC1ED /* Debug */ = {
			isa = XCBuildConfiguration;
			buildSettings = {
				ALWAYS_SEARCH_USER_PATHS = NO;
				CLANG_ANALYZER_NONNULL = YES;
				CLANG_ANALYZER_NUMBER_OBJECT_CONVERSION = YES_AGGRESSIVE;
				CLANG_CXX_LANGUAGE_STANDARD = "gnu++0x";
				CLANG_CXX_LIBRARY = "libc++";
				CLANG_ENABLE_MODULES = YES;
				CLANG_ENABLE_OBJC_ARC = YES;
				CLANG_WARN_BLOCK_CAPTURE_AUTORELEASING = YES;
				CLANG_WARN_BOOL_CONVERSION = YES;
				CLANG_WARN_COMMA = YES;
				CLANG_WARN_CONSTANT_CONVERSION = YES;
				CLANG_WARN_DEPRECATED_OBJC_IMPLEMENTATIONS = YES;
				CLANG_WARN_DIRECT_OBJC_ISA_USAGE = YES_ERROR;
				CLANG_WARN_DOCUMENTATION_COMMENTS = YES;
				CLANG_WARN_EMPTY_BODY = YES;
				CLANG_WARN_ENUM_CONVERSION = YES;
				CLANG_WARN_INFINITE_RECURSION = YES;
				CLANG_WARN_INT_CONVERSION = YES;
				CLANG_WARN_NON_LITERAL_NULL_CONVERSION = YES;
				CLANG_WARN_OBJC_IMPLICIT_RETAIN_SELF = YES;
				CLANG_WARN_OBJC_LITERAL_CONVERSION = YES;
				CLANG_WARN_OBJC_ROOT_CLASS = YES_ERROR;
				CLANG_WARN_RANGE_LOOP_ANALYSIS = YES;
				CLANG_WARN_STRICT_PROTOTYPES = YES;
				CLANG_WARN_SUSPICIOUS_MOVE = YES;
				CLANG_WARN_UNREACHABLE_CODE = YES;
				CLANG_WARN__DUPLICATE_METHOD_MATCH = YES;
				CODE_SIGN_IDENTITY = "-";
				COPY_PHASE_STRIP = NO;
				DEBUG_INFORMATION_FORMAT = dwarf;
				ENABLE_STRICT_OBJC_MSGSEND = YES;
				ENABLE_TESTABILITY = YES;
				GCC_C_LANGUAGE_STANDARD = gnu99;
				GCC_DYNAMIC_NO_PIC = NO;
				GCC_NO_COMMON_BLOCKS = YES;
				GCC_OPTIMIZATION_LEVEL = 0;
				GCC_PREPROCESSOR_DEFINITIONS = (
					"DEBUG=1",
					"$(inherited)",
				);
				GCC_WARN_64_TO_32_BIT_CONVERSION = YES;
				GCC_WARN_ABOUT_RETURN_TYPE = YES_ERROR;
				GCC_WARN_UNDECLARED_SELECTOR = YES;
				GCC_WARN_UNINITIALIZED_AUTOS = YES_AGGRESSIVE;
				GCC_WARN_UNUSED_FUNCTION = YES;
				GCC_WARN_UNUSED_VARIABLE = YES;
				MACOSX_DEPLOYMENT_TARGET = 10.12;
				MTL_ENABLE_DEBUG_INFO = YES;
				ONLY_ACTIVE_ARCH = YES;
				SDKROOT = macosx;
				SWIFT_ACTIVE_COMPILATION_CONDITIONS = DEBUG;
				SWIFT_OPTIMIZATION_LEVEL = "-Onone";
			};
			name = Debug;
		};
		292EADAE1F458B3D009FC1ED /* Release */ = {
			isa = XCBuildConfiguration;
			buildSettings = {
				ALWAYS_SEARCH_USER_PATHS = NO;
				CLANG_ANALYZER_NONNULL = YES;
				CLANG_ANALYZER_NUMBER_OBJECT_CONVERSION = YES_AGGRESSIVE;
				CLANG_CXX_LANGUAGE_STANDARD = "gnu++0x";
				CLANG_CXX_LIBRARY = "libc++";
				CLANG_ENABLE_MODULES = YES;
				CLANG_ENABLE_OBJC_ARC = YES;
				CLANG_WARN_BLOCK_CAPTURE_AUTORELEASING = YES;
				CLANG_WARN_BOOL_CONVERSION = YES;
				CLANG_WARN_COMMA = YES;
				CLANG_WARN_CONSTANT_CONVERSION = YES;
				CLANG_WARN_DEPRECATED_OBJC_IMPLEMENTATIONS = YES;
				CLANG_WARN_DIRECT_OBJC_ISA_USAGE = YES_ERROR;
				CLANG_WARN_DOCUMENTATION_COMMENTS = YES;
				CLANG_WARN_EMPTY_BODY = YES;
				CLANG_WARN_ENUM_CONVERSION = YES;
				CLANG_WARN_INFINITE_RECURSION = YES;
				CLANG_WARN_INT_CONVERSION = YES;
				CLANG_WARN_NON_LITERAL_NULL_CONVERSION = YES;
				CLANG_WARN_OBJC_IMPLICIT_RETAIN_SELF = YES;
				CLANG_WARN_OBJC_LITERAL_CONVERSION = YES;
				CLANG_WARN_OBJC_ROOT_CLASS = YES_ERROR;
				CLANG_WARN_RANGE_LOOP_ANALYSIS = YES;
				CLANG_WARN_STRICT_PROTOTYPES = YES;
				CLANG_WARN_SUSPICIOUS_MOVE = YES;
				CLANG_WARN_UNREACHABLE_CODE = YES;
				CLANG_WARN__DUPLICATE_METHOD_MATCH = YES;
				CODE_SIGN_IDENTITY = "-";
				COPY_PHASE_STRIP = NO;
				DEBUG_INFORMATION_FORMAT = "dwarf-with-dsym";
				ENABLE_NS_ASSERTIONS = NO;
				ENABLE_STRICT_OBJC_MSGSEND = YES;
				GCC_C_LANGUAGE_STANDARD = gnu99;
				GCC_NO_COMMON_BLOCKS = YES;
				GCC_WARN_64_TO_32_BIT_CONVERSION = YES;
				GCC_WARN_ABOUT_RETURN_TYPE = YES_ERROR;
				GCC_WARN_UNDECLARED_SELECTOR = YES;
				GCC_WARN_UNINITIALIZED_AUTOS = YES_AGGRESSIVE;
				GCC_WARN_UNUSED_FUNCTION = YES;
				GCC_WARN_UNUSED_VARIABLE = YES;
				MACOSX_DEPLOYMENT_TARGET = 10.12;
				MTL_ENABLE_DEBUG_INFO = NO;
				SDKROOT = macosx;
				SWIFT_OPTIMIZATION_LEVEL = "-Owholemodule";
			};
			name = Release;
		};
		292EADB01F458B3D009FC1ED /* Debug */ = {
			isa = XCBuildConfiguration;
			buildSettings = {
				ASSETCATALOG_COMPILER_APPICON_NAME = AppIcon;
				CODE_SIGN_IDENTITY = "";
				CODE_SIGN_STYLE = Manual;
				COMBINE_HIDPI_IMAGES = YES;
				DEBUG_INFORMATION_FORMAT = dwarf;
				DEVELOPMENT_TEAM = "";
				FRAMEWORK_SEARCH_PATHS = (
					"$(inherited)",
					"$(PROJECT_DIR)/Carthage/Build/Mac",
				);
				INFOPLIST_FILE = iSimulator/Info.plist;
				LD_RUNPATH_SEARCH_PATHS = "$(inherited) @executable_path/../Frameworks";
				MACOSX_DEPLOYMENT_TARGET = 10.10;
				OTHER_CODE_SIGN_FLAGS = "";
				PRODUCT_BUNDLE_IDENTIFIER = niels.jin.iSimulator;
				PRODUCT_NAME = "$(TARGET_NAME)";
				PROVISIONING_PROFILE = "";
				PROVISIONING_PROFILE_SPECIFIER = "";
				SWIFT_VERSION = 5.0;
			};
			name = Debug;
		};
		292EADB11F458B3D009FC1ED /* Release */ = {
			isa = XCBuildConfiguration;
			buildSettings = {
				ASSETCATALOG_COMPILER_APPICON_NAME = AppIcon;
				CODE_SIGN_IDENTITY = "";
				CODE_SIGN_STYLE = Manual;
				COMBINE_HIDPI_IMAGES = YES;
				DEVELOPMENT_TEAM = "";
				FRAMEWORK_SEARCH_PATHS = (
					"$(inherited)",
					"$(PROJECT_DIR)/Carthage/Build/Mac",
				);
				INFOPLIST_FILE = iSimulator/Info.plist;
				LD_RUNPATH_SEARCH_PATHS = "$(inherited) @executable_path/../Frameworks";
				MACOSX_DEPLOYMENT_TARGET = 10.10;
				OTHER_CODE_SIGN_FLAGS = "";
				PRODUCT_BUNDLE_IDENTIFIER = niels.jin.iSimulator;
				PRODUCT_NAME = "$(TARGET_NAME)";
				PROVISIONING_PROFILE = "";
				PROVISIONING_PROFILE_SPECIFIER = "";
				SWIFT_VERSION = 5.0;
			};
			name = Release;
		};
/* End XCBuildConfiguration section */

/* Begin XCConfigurationList section */
		292EAD9B1F458B3D009FC1ED /* Build configuration list for PBXProject "iSimulator" */ = {
			isa = XCConfigurationList;
			buildConfigurations = (
				292EADAD1F458B3D009FC1ED /* Debug */,
				292EADAE1F458B3D009FC1ED /* Release */,
			);
			defaultConfigurationIsVisible = 0;
			defaultConfigurationName = Release;
		};
		292EADAF1F458B3D009FC1ED /* Build configuration list for PBXNativeTarget "iSimulator" */ = {
			isa = XCConfigurationList;
			buildConfigurations = (
				292EADB01F458B3D009FC1ED /* Debug */,
				292EADB11F458B3D009FC1ED /* Release */,
			);
			defaultConfigurationIsVisible = 0;
			defaultConfigurationName = Release;
		};
/* End XCConfigurationList section */
	};
	rootObject = 292EAD981F458B3D009FC1ED /* Project object */;
}
